
Microsoft Visual Studio Solution File, Format Version 12.00
# Visual Studio Version 17
VisualStudioVersion = 17.3.32811.315
MinimumVisualStudioVersion = 10.0.40219.1
Project("{2150E333-8FDC-42A3-9474-1A3956D46DE8}") = "corePackages", "corePackages", "{7181AF13-B94B-4152-94A6-B3D59D0AEFE8}"
EndProject
Project("{2150E333-8FDC-42A3-9474-1A3956D46DE8}") = "src", "src", "{709DE4CE-D0B8-4225-BEAA-446E85A4375F}"
EndProject
Project("{9A19103F-16F7-4668-BE54-9A1E7A4F7556}") = "Core.Mailing", "src\corePackages\Core.Mailing\Core.Mailing.csproj", "{9328F103-2F18-40E0-A966-7B995F8670AB}"
EndProject
Project("{9A19103F-16F7-4668-BE54-9A1E7A4F7556}") = "Core.Persistence", "src\corePackages\Core.Persistence\Core.Persistence.csproj", "{A64452D2-FED8-41AA-9B0C-81E9092D7632}"
EndProject
Project("{9A19103F-16F7-4668-BE54-9A1E7A4F7556}") = "Core.Security", "src\corePackages\Core.Security\Core.Security.csproj", "{2A27E686-3999-49D9-9B45-538476A2C592}"
EndProject
Project("{2150E333-8FDC-42A3-9474-1A3956D46DE8}") = "demoProjects", "demoProjects", "{FD53842D-0B59-4E3A-B80C-E6D6730B51EF}"
EndProject
Project("{2150E333-8FDC-42A3-9474-1A3956D46DE8}") = "templateProject", "templateProject", "{F086B7E0-2B36-4277-B5EC-42B555F183EC}"
EndProject
Project("{9A19103F-16F7-4668-BE54-9A1E7A4F7556}") = "Application", "src\demoProjects\templateProject\Application\Application.csproj", "{369D7C4E-93BC-4648-8447-D1FDCE4B1183}"
EndProject
Project("{9A19103F-16F7-4668-BE54-9A1E7A4F7556}") = "Domain", "src\demoProjects\templateProject\Domain\Domain.csproj", "{1780220E-2691-402E-9524-B3FE02E42E87}"
EndProject
Project("{9A19103F-16F7-4668-BE54-9A1E7A4F7556}") = "Infrastructure", "src\demoProjects\templateProject\Infrastructure\Infrastructure.csproj", "{0D573E7F-3B47-4F10-8D9D-46D0BDACFC3D}"
EndProject
Project("{9A19103F-16F7-4668-BE54-9A1E7A4F7556}") = "Persistence", "src\demoProjects\templateProject\Persistence\Persistence.csproj", "{1E3913B8-0DB9-4970-86C8-DD1107807456}"
EndProject
Project("{9A19103F-16F7-4668-BE54-9A1E7A4F7556}") = "WebAPI", "src\demoProjects\templateProject\WebAPI\WebAPI.csproj", "{875E383F-97ED-4BF3-9F2E-50A2F6F12AFE}"
EndProject
Project("{2150E333-8FDC-42A3-9474-1A3956D46DE8}") = "rentACarKodlamaio", "rentACarKodlamaio", "{6C8371B4-2133-46F6-AF22-4DA8084B3F43}"
EndProject
Project("{9A19103F-16F7-4668-BE54-9A1E7A4F7556}") = "rentACar.Persistence", "src\demoProjects\rentACarKodlamaio\Persistence\rentACar.Persistence.csproj", "{AE6B67B0-8AAA-4391-87DE-9128361D66FB}"
EndProject
Project("{9A19103F-16F7-4668-BE54-9A1E7A4F7556}") = "rentACar.WebAPI", "src\demoProjects\rentACarKodlamaio\WebAPI\rentACar.WebAPI.csproj", "{7DF77C2A-0982-472B-8026-358185538972}"
EndProject
Project("{9A19103F-16F7-4668-BE54-9A1E7A4F7556}") = "Core.Application", "src\corePackages\Core.Application\Core.Application.csproj", "{664E0FEB-F3E9-4FD8-8CE4-1D51AA79567C}"
EndProject
Project("{9A19103F-16F7-4668-BE54-9A1E7A4F7556}") = "Core.CrossCuttingConcers", "src\corePackages\Core.CrossCuttingConcers\Core.CrossCuttingConcers.csproj", "{6BEF0061-6DF9-49CB-9941-CFF50024C4B7}"
EndProject
Project("{9A19103F-16F7-4668-BE54-9A1E7A4F7556}") = "rentACar.Infrastracture", "src\demoProjects\rentACarKodlamaio\Infrastracture\rentACar.Infrastracture.csproj", "{381E2008-8BF0-46CD-AEFA-38279951D4AD}"
EndProject
Project("{9A19103F-16F7-4668-BE54-9A1E7A4F7556}") = "Core.ElasticSearch", "src\corePackages\Core.ElasticSearch\Core.ElasticSearch.csproj", "{5367EB18-8E4C-496E-8A1F-F6F61A518972}"
EndProject
Project("{9A19103F-16F7-4668-BE54-9A1E7A4F7556}") = "rentACar.Application", "src\demoProjects\rentACarKodlamaio\Application\rentACar.Application.csproj", "{11FE80EC-4C43-4D94-A8BC-B42E74DAEDD0}"
EndProject
Project("{9A19103F-16F7-4668-BE54-9A1E7A4F7556}") = "rentACar.Domain", "src\demoProjects\rentACarKodlamaio\Domain\rentACar.Domain.csproj", "{899D6305-8ED0-429E-AE6C-AE4765EED865}"
EndProject
Global
	GlobalSection(SolutionConfigurationPlatforms) = preSolution
		Debug|Any CPU = Debug|Any CPU
		Release|Any CPU = Release|Any CPU
	EndGlobalSection
	GlobalSection(ProjectConfigurationPlatforms) = postSolution
		{9328F103-2F18-40E0-A966-7B995F8670AB}.Debug|Any CPU.ActiveCfg = Debug|Any CPU
		{9328F103-2F18-40E0-A966-7B995F8670AB}.Debug|Any CPU.Build.0 = Debug|Any CPU
		{9328F103-2F18-40E0-A966-7B995F8670AB}.Release|Any CPU.ActiveCfg = Release|Any CPU
		{9328F103-2F18-40E0-A966-7B995F8670AB}.Release|Any CPU.Build.0 = Release|Any CPU
		{A64452D2-FED8-41AA-9B0C-81E9092D7632}.Debug|Any CPU.ActiveCfg = Debug|Any CPU
		{A64452D2-FED8-41AA-9B0C-81E9092D7632}.Debug|Any CPU.Build.0 = Debug|Any CPU
		{A64452D2-FED8-41AA-9B0C-81E9092D7632}.Release|Any CPU.ActiveCfg = Release|Any CPU
		{A64452D2-FED8-41AA-9B0C-81E9092D7632}.Release|Any CPU.Build.0 = Release|Any CPU
		{2A27E686-3999-49D9-9B45-538476A2C592}.Debug|Any CPU.ActiveCfg = Debug|Any CPU
		{2A27E686-3999-49D9-9B45-538476A2C592}.Debug|Any CPU.Build.0 = Debug|Any CPU
		{2A27E686-3999-49D9-9B45-538476A2C592}.Release|Any CPU.ActiveCfg = Release|Any CPU
		{2A27E686-3999-49D9-9B45-538476A2C592}.Release|Any CPU.Build.0 = Release|Any CPU
		{369D7C4E-93BC-4648-8447-D1FDCE4B1183}.Debug|Any CPU.ActiveCfg = Debug|Any CPU
		{369D7C4E-93BC-4648-8447-D1FDCE4B1183}.Debug|Any CPU.Build.0 = Debug|Any CPU
		{369D7C4E-93BC-4648-8447-D1FDCE4B1183}.Release|Any CPU.ActiveCfg = Release|Any CPU
		{369D7C4E-93BC-4648-8447-D1FDCE4B1183}.Release|Any CPU.Build.0 = Release|Any CPU
		{1780220E-2691-402E-9524-B3FE02E42E87}.Debug|Any CPU.ActiveCfg = Debug|Any CPU
		{1780220E-2691-402E-9524-B3FE02E42E87}.Debug|Any CPU.Build.0 = Debug|Any CPU
		{1780220E-2691-402E-9524-B3FE02E42E87}.Release|Any CPU.ActiveCfg = Release|Any CPU
		{1780220E-2691-402E-9524-B3FE02E42E87}.Release|Any CPU.Build.0 = Release|Any CPU
		{0D573E7F-3B47-4F10-8D9D-46D0BDACFC3D}.Debug|Any CPU.ActiveCfg = Debug|Any CPU
		{0D573E7F-3B47-4F10-8D9D-46D0BDACFC3D}.Debug|Any CPU.Build.0 = Debug|Any CPU
		{0D573E7F-3B47-4F10-8D9D-46D0BDACFC3D}.Release|Any CPU.ActiveCfg = Release|Any CPU
		{0D573E7F-3B47-4F10-8D9D-46D0BDACFC3D}.Release|Any CPU.Build.0 = Release|Any CPU
		{1E3913B8-0DB9-4970-86C8-DD1107807456}.Debug|Any CPU.ActiveCfg = Debug|Any CPU
		{1E3913B8-0DB9-4970-86C8-DD1107807456}.Debug|Any CPU.Build.0 = Debug|Any CPU
		{1E3913B8-0DB9-4970-86C8-DD1107807456}.Release|Any CPU.ActiveCfg = Release|Any CPU
		{1E3913B8-0DB9-4970-86C8-DD1107807456}.Release|Any CPU.Build.0 = Release|Any CPU
		{875E383F-97ED-4BF3-9F2E-50A2F6F12AFE}.Debug|Any CPU.ActiveCfg = Debug|Any CPU
		{875E383F-97ED-4BF3-9F2E-50A2F6F12AFE}.Debug|Any CPU.Build.0 = Debug|Any CPU
		{875E383F-97ED-4BF3-9F2E-50A2F6F12AFE}.Release|Any CPU.ActiveCfg = Release|Any CPU
		{875E383F-97ED-4BF3-9F2E-50A2F6F12AFE}.Release|Any CPU.Build.0 = Release|Any CPU
		{AE6B67B0-8AAA-4391-87DE-9128361D66FB}.Debug|Any CPU.ActiveCfg = Debug|Any CPU
		{AE6B67B0-8AAA-4391-87DE-9128361D66FB}.Debug|Any CPU.Build.0 = Debug|Any CPU
		{AE6B67B0-8AAA-4391-87DE-9128361D66FB}.Release|Any CPU.ActiveCfg = Release|Any CPU
		{AE6B67B0-8AAA-4391-87DE-9128361D66FB}.Release|Any CPU.Build.0 = Release|Any CPU
		{7DF77C2A-0982-472B-8026-358185538972}.Debug|Any CPU.ActiveCfg = Debug|Any CPU
		{7DF77C2A-0982-472B-8026-358185538972}.Debug|Any CPU.Build.0 = Debug|Any CPU
		{7DF77C2A-0982-472B-8026-358185538972}.Release|Any CPU.ActiveCfg = Release|Any CPU
		{7DF77C2A-0982-472B-8026-358185538972}.Release|Any CPU.Build.0 = Release|Any CPU
		{664E0FEB-F3E9-4FD8-8CE4-1D51AA79567C}.Debug|Any CPU.ActiveCfg = Debug|Any CPU
		{664E0FEB-F3E9-4FD8-8CE4-1D51AA79567C}.Debug|Any CPU.Build.0 = Debug|Any CPU
		{664E0FEB-F3E9-4FD8-8CE4-1D51AA79567C}.Release|Any CPU.ActiveCfg = Release|Any CPU
		{664E0FEB-F3E9-4FD8-8CE4-1D51AA79567C}.Release|Any CPU.Build.0 = Release|Any CPU
		{6BEF0061-6DF9-49CB-9941-CFF50024C4B7}.Debug|Any CPU.ActiveCfg = Debug|Any CPU
		{6BEF0061-6DF9-49CB-9941-CFF50024C4B7}.Debug|Any CPU.Build.0 = Debug|Any CPU
		{6BEF0061-6DF9-49CB-9941-CFF50024C4B7}.Release|Any CPU.ActiveCfg = Release|Any CPU
		{6BEF0061-6DF9-49CB-9941-CFF50024C4B7}.Release|Any CPU.Build.0 = Release|Any CPU
		{381E2008-8BF0-46CD-AEFA-38279951D4AD}.Debug|Any CPU.ActiveCfg = Debug|Any CPU
		{381E2008-8BF0-46CD-AEFA-38279951D4AD}.Debug|Any CPU.Build.0 = Debug|Any CPU
		{381E2008-8BF0-46CD-AEFA-38279951D4AD}.Release|Any CPU.ActiveCfg = Release|Any CPU
		{381E2008-8BF0-46CD-AEFA-38279951D4AD}.Release|Any CPU.Build.0 = Release|Any CPU
		{5367EB18-8E4C-496E-8A1F-F6F61A518972}.Debug|Any CPU.ActiveCfg = Debug|Any CPU
		{5367EB18-8E4C-496E-8A1F-F6F61A518972}.Debug|Any CPU.Build.0 = Debug|Any CPU
		{5367EB18-8E4C-496E-8A1F-F6F61A518972}.Release|Any CPU.ActiveCfg = Release|Any CPU
		{5367EB18-8E4C-496E-8A1F-F6F61A518972}.Release|Any CPU.Build.0 = Release|Any CPU
		{11FE80EC-4C43-4D94-A8BC-B42E74DAEDD0}.Debug|Any CPU.ActiveCfg = Debug|Any CPU
		{11FE80EC-4C43-4D94-A8BC-B42E74DAEDD0}.Debug|Any CPU.Build.0 = Debug|Any CPU
		{11FE80EC-4C43-4D94-A8BC-B42E74DAEDD0}.Release|Any CPU.ActiveCfg = Release|Any CPU
		{11FE80EC-4C43-4D94-A8BC-B42E74DAEDD0}.Release|Any CPU.Build.0 = Release|Any CPU
		{899D6305-8ED0-429E-AE6C-AE4765EED865}.Debug|Any CPU.ActiveCfg = Debug|Any CPU
		{899D6305-8ED0-429E-AE6C-AE4765EED865}.Debug|Any CPU.Build.0 = Debug|Any CPU
		{899D6305-8ED0-429E-AE6C-AE4765EED865}.Release|Any CPU.ActiveCfg = Release|Any CPU
		{899D6305-8ED0-429E-AE6C-AE4765EED865}.Release|Any CPU.Build.0 = Release|Any CPU
	EndGlobalSection
	GlobalSection(SolutionProperties) = preSolution
		HideSolutionNode = FALSE
	EndGlobalSection
	GlobalSection(NestedProjects) = preSolution
		{7181AF13-B94B-4152-94A6-B3D59D0AEFE8} = {709DE4CE-D0B8-4225-BEAA-446E85A4375F}
		{9328F103-2F18-40E0-A966-7B995F8670AB} = {7181AF13-B94B-4152-94A6-B3D59D0AEFE8}
		{A64452D2-FED8-41AA-9B0C-81E9092D7632} = {7181AF13-B94B-4152-94A6-B3D59D0AEFE8}
		{2A27E686-3999-49D9-9B45-538476A2C592} = {7181AF13-B94B-4152-94A6-B3D59D0AEFE8}
		{FD53842D-0B59-4E3A-B80C-E6D6730B51EF} = {709DE4CE-D0B8-4225-BEAA-446E85A4375F}
		{F086B7E0-2B36-4277-B5EC-42B555F183EC} = {FD53842D-0B59-4E3A-B80C-E6D6730B51EF}
		{369D7C4E-93BC-4648-8447-D1FDCE4B1183} = {F086B7E0-2B36-4277-B5EC-42B555F183EC}
		{1780220E-2691-402E-9524-B3FE02E42E87} = {F086B7E0-2B36-4277-B5EC-42B555F183EC}
		{0D573E7F-3B47-4F10-8D9D-46D0BDACFC3D} = {F086B7E0-2B36-4277-B5EC-42B555F183EC}
		{1E3913B8-0DB9-4970-86C8-DD1107807456} = {F086B7E0-2B36-4277-B5EC-42B555F183EC}
		{875E383F-97ED-4BF3-9F2E-50A2F6F12AFE} = {F086B7E0-2B36-4277-B5EC-42B555F183EC}
		{6C8371B4-2133-46F6-AF22-4DA8084B3F43} = {FD53842D-0B59-4E3A-B80C-E6D6730B51EF}
		{AE6B67B0-8AAA-4391-87DE-9128361D66FB} = {6C8371B4-2133-46F6-AF22-4DA8084B3F43}
		{7DF77C2A-0982-472B-8026-358185538972} = {6C8371B4-2133-46F6-AF22-4DA8084B3F43}
		{664E0FEB-F3E9-4FD8-8CE4-1D51AA79567C} = {7181AF13-B94B-4152-94A6-B3D59D0AEFE8}
		{6BEF0061-6DF9-49CB-9941-CFF50024C4B7} = {7181AF13-B94B-4152-94A6-B3D59D0AEFE8}
		{381E2008-8BF0-46CD-AEFA-38279951D4AD} = {6C8371B4-2133-46F6-AF22-4DA8084B3F43}
		{5367EB18-8E4C-496E-8A1F-F6F61A518972} = {7181AF13-B94B-4152-94A6-B3D59D0AEFE8}
		{11FE80EC-4C43-4D94-A8BC-B42E74DAEDD0} = {6C8371B4-2133-46F6-AF22-4DA8084B3F43}
		{899D6305-8ED0-429E-AE6C-AE4765EED865} = {6C8371B4-2133-46F6-AF22-4DA8084B3F43}
	EndGlobalSection
	GlobalSection(ExtensibilityGlobals) = postSolution
		SolutionGuid = {58BEDDAB-6A88-4941-B4C4-3EF5277C77F2}
	EndGlobalSection
EndGlobal
